
Microsoft Visual Studio Solution File, Format Version 12.00
# Visual Studio Version 17
VisualStudioVersion = 17.14.36623.8
MinimumVisualStudioVersion = 10.0.40219.1
Project("{FAE04EC0-301F-11D3-BF4B-00C04F79EFBC}") = "weeklyassignment5", "weeklyassignment5\weeklyassignment5.csproj", "{FB685453-A005-440F-9995-C10AA79ED30A}"
EndProject
Project("{FAE04EC0-301F-11D3-BF4B-00C04F79EFBC}") = "q2-weeklyassignment", "q2-weeklyassignment\q2-weeklyassignment.csproj", "{FA68AD61-86DD-4061-9E37-C6C8619E0ED7}"
EndProject
Project("{FAE04EC0-301F-11D3-BF4B-00C04F79EFBC}") = "ConsoleApp1", "ConsoleApp1\ConsoleApp1.csproj", "{B26E8B12-46E7-4191-A452-F51DAF0470E9}"
EndProject
Project("{FAE04EC0-301F-11D3-BF4B-00C04F79EFBC}") = "weekly-assignment5-q3", "weekly-assignment5-q3\weekly-assignment5-q3.csproj", "{F909BFA0-992A-489D-8D12-BD58F68C85A4}"
EndProject
Project("{FAE04EC0-301F-11D3-BF4B-00C04F79EFBC}") = "SalaryCalculator", "SalaryCalculator\SalaryCalculator.csproj", "{C02FF3C2-5321-4176-B71F-AAF9877B34C5}"
EndProject
Project("{FAE04EC0-301F-11D3-BF4B-00C04F79EFBC}") = "weekly-assignment-5_q4", "weekly-assignment-5_q4\weekly-assignment-5_q4.csproj", "{36588C64-9539-44C8-8679-53AE5A861D06}"
EndProject
Project("{FAE04EC0-301F-11D3-BF4B-00C04F79EFBC}") = "weeklyassignment5-q5", "weeklyassignment5-q5\weeklyassignment5-q5.csproj", "{A016965D-E9A7-43AE-BC1D-86E9D0BB532F}"
EndProject
Global
	GlobalSection(SolutionConfigurationPlatforms) = preSolution
		Debug|Any CPU = Debug|Any CPU
		Release|Any CPU = Release|Any CPU
	EndGlobalSection
	GlobalSection(ProjectConfigurationPlatforms) = postSolution
		{FB685453-A005-440F-9995-C10AA79ED30A}.Debug|Any CPU.ActiveCfg = Debug|Any CPU
		{FB685453-A005-440F-9995-C10AA79ED30A}.Debug|Any CPU.Build.0 = Debug|Any CPU
		{FB685453-A005-440F-9995-C10AA79ED30A}.Release|Any CPU.ActiveCfg = Release|Any CPU
		{FB685453-A005-440F-9995-C10AA79ED30A}.Release|Any CPU.Build.0 = Release|Any CPU
		{FA68AD61-86DD-4061-9E37-C6C8619E0ED7}.Debug|Any CPU.ActiveCfg = Debug|Any CPU
		{FA68AD61-86DD-4061-9E37-C6C8619E0ED7}.Debug|Any CPU.Build.0 = Debug|Any CPU
		{FA68AD61-86DD-4061-9E37-C6C8619E0ED7}.Release|Any CPU.ActiveCfg = Release|Any CPU
		{FA68AD61-86DD-4061-9E37-C6C8619E0ED7}.Release|Any CPU.Build.0 = Release|Any CPU
		{B26E8B12-46E7-4191-A452-F51DAF0470E9}.Debug|Any CPU.ActiveCfg = Debug|Any CPU
		{B26E8B12-46E7-4191-A452-F51DAF0470E9}.Debug|Any CPU.Build.0 = Debug|Any CPU
		{B26E8B12-46E7-4191-A452-F51DAF0470E9}.Release|Any CPU.ActiveCfg = Release|Any CPU
		{B26E8B12-46E7-4191-A452-F51DAF0470E9}.Release|Any CPU.Build.0 = Release|Any CPU
		{F909BFA0-992A-489D-8D12-BD58F68C85A4}.Debug|Any CPU.ActiveCfg = Debug|Any CPU
		{F909BFA0-992A-489D-8D12-BD58F68C85A4}.Debug|Any CPU.Build.0 = Debug|Any CPU
		{F909BFA0-992A-489D-8D12-BD58F68C85A4}.Release|Any CPU.ActiveCfg = Release|Any CPU
		{F909BFA0-992A-489D-8D12-BD58F68C85A4}.Release|Any CPU.Build.0 = Release|Any CPU
		{C02FF3C2-5321-4176-B71F-AAF9877B34C5}.Debug|Any CPU.ActiveCfg = Debug|Any CPU
		{C02FF3C2-5321-4176-B71F-AAF9877B34C5}.Debug|Any CPU.Build.0 = Debug|Any CPU
		{C02FF3C2-5321-4176-B71F-AAF9877B34C5}.Release|Any CPU.ActiveCfg = Release|Any CPU
		{C02FF3C2-5321-4176-B71F-AAF9877B34C5}.Release|Any CPU.Build.0 = Release|Any CPU
		{36588C64-9539-44C8-8679-53AE5A861D06}.Debug|Any CPU.ActiveCfg = Debug|Any CPU
		{36588C64-9539-44C8-8679-53AE5A861D06}.Debug|Any CPU.Build.0 = Debug|Any CPU
		{36588C64-9539-44C8-8679-53AE5A861D06}.Release|Any CPU.ActiveCfg = Release|Any CPU
		{36588C64-9539-44C8-8679-53AE5A861D06}.Release|Any CPU.Build.0 = Release|Any CPU
		{A016965D-E9A7-43AE-BC1D-86E9D0BB532F}.Debug|Any CPU.ActiveCfg = Debug|Any CPU
		{A016965D-E9A7-43AE-BC1D-86E9D0BB532F}.Debug|Any CPU.Build.0 = Debug|Any CPU
		{A016965D-E9A7-43AE-BC1D-86E9D0BB532F}.Release|Any CPU.ActiveCfg = Release|Any CPU
		{A016965D-E9A7-43AE-BC1D-86E9D0BB532F}.Release|Any CPU.Build.0 = Release|Any CPU
	EndGlobalSection
	GlobalSection(SolutionProperties) = preSolution
		HideSolutionNode = FALSE
	EndGlobalSection
	GlobalSection(ExtensibilityGlobals) = postSolution
		SolutionGuid = {C5CBC99D-797E-4224-8F2F-E1A14B75F4C1}
	EndGlobalSection
EndGlobal
