
Microsoft Visual Studio Solution File, Format Version 12.00
# Visual Studio Version 17
VisualStudioVersion = 17.14.36623.8 d17.14
MinimumVisualStudioVersion = 10.0.40219.1
Project("{FAE04EC0-301F-11D3-BF4B-00C04F79EFBC}") = "SeedingExample", "SeedingExample\SeedingExample.csproj", "{BBB53AE2-54B0-4B82-B2BA-1B54E114EFE9}"
EndProject
Global
	GlobalSection(SolutionConfigurationPlatforms) = preSolution
		Debug|Any CPU = Debug|Any CPU
		Release|Any CPU = Release|Any CPU
	EndGlobalSection
	GlobalSection(ProjectConfigurationPlatforms) = postSolution
		{BBB53AE2-54B0-4B82-B2BA-1B54E114EFE9}.Debug|Any CPU.ActiveCfg = Debug|Any CPU
		{BBB53AE2-54B0-4B82-B2BA-1B54E114EFE9}.Debug|Any CPU.Build.0 = Debug|Any CPU
		{BBB53AE2-54B0-4B82-B2BA-1B54E114EFE9}.Release|Any CPU.ActiveCfg = Release|Any CPU
		{BBB53AE2-54B0-4B82-B2BA-1B54E114EFE9}.Release|Any CPU.Build.0 = Release|Any CPU
	EndGlobalSection
	GlobalSection(SolutionProperties) = preSolution
		HideSolutionNode = FALSE
	EndGlobalSection
	GlobalSection(ExtensibilityGlobals) = postSolution
		SolutionGuid = {5A84CFE2-4400-4AF0-81EC-EC7DDD9B4C1E}
	EndGlobalSection
EndGlobal
